// !$*UTF8*$!
{
	archiveVersion = 1;
	classes = {
	};
	objectVersion = 50;
	objects = {

/* Begin PBXBuildFile section */
		AD1EB6AB22B0228000472B20 /* AppDelegate.swift in Sources */ = {isa = PBXBuildFile; fileRef = AD1EB6AA22B0228000472B20 /* AppDelegate.swift */; };
		AD1EB6AD22B0228000472B20 /* SceneDelegate.swift in Sources */ = {isa = PBXBuildFile; fileRef = AD1EB6AC22B0228000472B20 /* SceneDelegate.swift */; };
		AD1EB6AF22B0228000472B20 /* ContentView.swift in Sources */ = {isa = PBXBuildFile; fileRef = AD1EB6AE22B0228000472B20 /* ContentView.swift */; };
		AD1EB6B122B0228200472B20 /* Assets.xcassets in Resources */ = {isa = PBXBuildFile; fileRef = AD1EB6B022B0228200472B20 /* Assets.xcassets */; };
		AD1EB6B422B0228200472B20 /* Preview Assets.xcassets in Resources */ = {isa = PBXBuildFile; fileRef = AD1EB6B322B0228200472B20 /* Preview Assets.xcassets */; };
		AD1EB6B722B0228200472B20 /* LaunchScreen.storyboard in Resources */ = {isa = PBXBuildFile; fileRef = AD1EB6B522B0228200472B20 /* LaunchScreen.storyboard */; };
		AD1EB6C022B03BB300472B20 /* ButtonComponent.swift in Sources */ = {isa = PBXBuildFile; fileRef = AD1EB6BF22B03BB300472B20 /* ButtonComponent.swift */; };
		AD2B55C322B04FC600C380F0 /* DetailPage.swift in Sources */ = {isa = PBXBuildFile; fileRef = AD2B55C222B04FC600C380F0 /* DetailPage.swift */; };
/* End PBXBuildFile section */

/* Begin PBXFileReference section */
		AD1EB6A722B0228000472B20 /* UdemyCourse.app */ = {isa = PBXFileReference; explicitFileType = wrapper.application; includeInIndex = 0; path = UdemyCourse.app; sourceTree = BUILT_PRODUCTS_DIR; };
		AD1EB6AA22B0228000472B20 /* AppDelegate.swift */ = {isa = PBXFileReference; lastKnownFileType = sourcecode.swift; path = AppDelegate.swift; sourceTree = "<group>"; };
		AD1EB6AC22B0228000472B20 /* SceneDelegate.swift */ = {isa = PBXFileReference; lastKnownFileType = sourcecode.swift; path = SceneDelegate.swift; sourceTree = "<group>"; };
		AD1EB6AE22B0228000472B20 /* ContentView.swift */ = {isa = PBXFileReference; lastKnownFileType = sourcecode.swift; path = ContentView.swift; sourceTree = "<group>"; };
		AD1EB6B022B0228200472B20 /* Assets.xcassets */ = {isa = PBXFileReference; lastKnownFileType = folder.assetcatalog; path = Assets.xcassets; sourceTree = "<group>"; };
		AD1EB6B322B0228200472B20 /* Preview Assets.xcassets */ = {isa = PBXFileReference; lastKnownFileType = folder.assetcatalog; path = "Preview Assets.xcassets"; sourceTree = "<group>"; };
		AD1EB6B622B0228200472B20 /* Base */ = {isa = PBXFileReference; lastKnownFileType = file.storyboard; name = Base; path = Base.lproj/LaunchScreen.storyboard; sourceTree = "<group>"; };
		AD1EB6B822B0228200472B20 /* Info.plist */ = {isa = PBXFileReference; lastKnownFileType = text.plist.xml; path = Info.plist; sourceTree = "<group>"; };
		AD1EB6BF22B03BB300472B20 /* ButtonComponent.swift */ = {isa = PBXFileReference; lastKnownFileType = sourcecode.swift; path = ButtonComponent.swift; sourceTree = "<group>"; };
		AD2B55C222B04FC600C380F0 /* DetailPage.swift */ = {isa = PBXFileReference; lastKnownFileType = sourcecode.swift; path = DetailPage.swift; sourceTree = "<group>"; };
/* End PBXFileReference section */

/* Begin PBXFrameworksBuildPhase section */
		AD1EB6A422B0228000472B20 /* Frameworks */ = {
			isa = PBXFrameworksBuildPhase;
			buildActionMask = 2147483647;
			files = (
			);
			runOnlyForDeploymentPostprocessing = 0;
		};
/* End PBXFrameworksBuildPhase section */

/* Begin PBXGroup section */
		AD1EB69E22B0228000472B20 = {
			isa = PBXGroup;
			children = (
				AD1EB6A922B0228000472B20 /* UdemyCourse */,
				AD1EB6A822B0228000472B20 /* Products */,
			);
			sourceTree = "<group>";
		};
		AD1EB6A822B0228000472B20 /* Products */ = {
			isa = PBXGroup;
			children = (
				AD1EB6A722B0228000472B20 /* UdemyCourse.app */,
			);
			name = Products;
			sourceTree = "<group>";
		};
		AD1EB6A922B0228000472B20 /* UdemyCourse */ = {
			isa = PBXGroup;
			children = (
				AD2B55C122B04FB700C380F0 /* Pages */,
				AD1EB6BE22B03BA200472B20 /* View */,
				AD1EB6AA22B0228000472B20 /* AppDelegate.swift */,
				AD1EB6AC22B0228000472B20 /* SceneDelegate.swift */,
				AD1EB6AE22B0228000472B20 /* ContentView.swift */,
				AD1EB6B022B0228200472B20 /* Assets.xcassets */,
				AD1EB6B522B0228200472B20 /* LaunchScreen.storyboard */,
				AD1EB6B822B0228200472B20 /* Info.plist */,
				AD1EB6B222B0228200472B20 /* Preview Content */,
			);
			path = UdemyCourse;
			sourceTree = "<group>";
		};
		AD1EB6B222B0228200472B20 /* Preview Content */ = {
			isa = PBXGroup;
			children = (
				AD1EB6B322B0228200472B20 /* Preview Assets.xcassets */,
			);
			path = "Preview Content";
			sourceTree = "<group>";
		};
		AD1EB6BE22B03BA200472B20 /* View */ = {
			isa = PBXGroup;
			children = (
				AD1EB6BF22B03BB300472B20 /* ButtonComponent.swift */,
			);
			path = View;
			sourceTree = "<group>";
		};
		AD2B55C122B04FB700C380F0 /* Pages */ = {
			isa = PBXGroup;
			children = (
				AD2B55C222B04FC600C380F0 /* DetailPage.swift */,
			);
			path = Pages;
			sourceTree = "<group>";
		};
/* End PBXGroup section */

/* Begin PBXNativeTarget section */
		AD1EB6A622B0228000472B20 /* UdemyCourse */ = {
			isa = PBXNativeTarget;
			buildConfigurationList = AD1EB6BB22B0228200472B20 /* Build configuration list for PBXNativeTarget "UdemyCourse" */;
			buildPhases = (
				AD1EB6A322B0228000472B20 /* Sources */,
				AD1EB6A422B0228000472B20 /* Frameworks */,
				AD1EB6A522B0228000472B20 /* Resources */,
			);
			buildRules = (
			);
			dependencies = (
			);
			name = UdemyCourse;
			productName = UdemyCourse;
			productReference = AD1EB6A722B0228000472B20 /* UdemyCourse.app */;
			productType = "com.apple.product-type.application";
		};
/* End PBXNativeTarget section */

/* Begin PBXProject section */
		AD1EB69F22B0228000472B20 /* Project object */ = {
			isa = PBXProject;
			attributes = {
				LastSwiftUpdateCheck = 1100;
				LastUpgradeCheck = 1100;
				ORGANIZATIONNAME = "Yasin Ugurlu";
				TargetAttributes = {
					AD1EB6A622B0228000472B20 = {
						CreatedOnToolsVersion = 11.0;
					};
				};
			};
			buildConfigurationList = AD1EB6A222B0228000472B20 /* Build configuration list for PBXProject "UdemyCourse" */;
			compatibilityVersion = "Xcode 9.3";
			developmentRegion = en;
			hasScannedForEncodings = 0;
			knownRegions = (
				en,
				Base,
			);
			mainGroup = AD1EB69E22B0228000472B20;
			productRefGroup = AD1EB6A822B0228000472B20 /* Products */;
			projectDirPath = "";
			projectRoot = "";
			targets = (
				AD1EB6A622B0228000472B20 /* UdemyCourse */,
			);
		};
/* End PBXProject section */

/* Begin PBXResourcesBuildPhase section */
		AD1EB6A522B0228000472B20 /* Resources */ = {
			isa = PBXResourcesBuildPhase;
			buildActionMask = 2147483647;
			files = (
				AD1EB6B722B0228200472B20 /* LaunchScreen.storyboard in Resources */,
				AD1EB6B422B0228200472B20 /* Preview Assets.xcassets in Resources */,
				AD1EB6B122B0228200472B20 /* Assets.xcassets in Resources */,
			);
			runOnlyForDeploymentPostprocessing = 0;
		};
/* End PBXResourcesBuildPhase section */

/* Begin PBXSourcesBuildPhase section */
		AD1EB6A322B0228000472B20 /* Sources */ = {
			isa = PBXSourcesBuildPhase;
			buildActionMask = 2147483647;
			files = (
				AD1EB6AB22B0228000472B20 /* AppDelegate.swift in Sources */,
				AD1EB6AD22B0228000472B20 /* SceneDelegate.swift in Sources */,
				AD1EB6AF22B0228000472B20 /* ContentView.swift in Sources */,
				AD2B55C322B04FC600C380F0 /* DetailPage.swift in Sources */,
				AD1EB6C022B03BB300472B20 /* ButtonComponent.swift in Sources */,
			);
			runOnlyForDeploymentPostprocessing = 0;
		};
/* End PBXSourcesBuildPhase section */

/* Begin PBXVariantGroup section */
		AD1EB6B522B0228200472B20 /* LaunchScreen.storyboard */ = {
			isa = PBXVariantGroup;
			children = (
				AD1EB6B622B0228200472B20 /* Base */,
			);
			name = LaunchScreen.storyboard;
			sourceTree = "<group>";
		};
/* End PBXVariantGroup section */

/* Begin XCBuildConfiguration section */
		AD1EB6B922B0228200472B20 /* Debug */ = {
			isa = XCBuildConfiguration;
			buildSettings = {
				ALWAYS_SEARCH_USER_PATHS = NO;
				CLANG_ANALYZER_NONNULL = YES;
				CLANG_ANALYZER_NUMBER_OBJECT_CONVERSION = YES_AGGRESSIVE;
				CLANG_CXX_LANGUAGE_STANDARD = "gnu++14";
				CLANG_CXX_LIBRARY = "libc++";
				CLANG_ENABLE_MODULES = YES;
				CLANG_ENABLE_OBJC_ARC = YES;
				CLANG_ENABLE_OBJC_WEAK = YES;
				CLANG_WARN_BLOCK_CAPTURE_AUTORELEASING = YES;
				CLANG_WARN_BOOL_CONVERSION = YES;
				CLANG_WARN_COMMA = YES;
				CLANG_WARN_CONSTANT_CONVERSION = YES;
				CLANG_WARN_DEPRECATED_OBJC_IMPLEMENTATIONS = YES;
				CLANG_WARN_DIRECT_OBJC_ISA_USAGE = YES_ERROR;
				CLANG_WARN_DOCUMENTATION_COMMENTS = YES;
				CLANG_WARN_EMPTY_BODY = YES;
				CLANG_WARN_ENUM_CONVERSION = YES;
				CLANG_WARN_INFINITE_RECURSION = YES;
				CLANG_WARN_INT_CONVERSION = YES;
				CLANG_WARN_NON_LITERAL_NULL_CONVERSION = YES;
				CLANG_WARN_OBJC_IMPLICIT_RETAIN_SELF = YES;
				CLANG_WARN_OBJC_LITERAL_CONVERSION = YES;
				CLANG_WARN_OBJC_ROOT_CLASS = YES_ERROR;
				CLANG_WARN_RANGE_LOOP_ANALYSIS = YES;
				CLANG_WARN_STRICT_PROTOTYPES = YES;
				CLANG_WARN_SUSPICIOUS_MOVE = YES;
				CLANG_WARN_UNGUARDED_AVAILABILITY = YES_AGGRESSIVE;
				CLANG_WARN_UNREACHABLE_CODE = YES;
				CLANG_WARN__DUPLICATE_METHOD_MATCH = YES;
				COPY_PHASE_STRIP = NO;
				DEBUG_INFORMATION_FORMAT = dwarf;
				ENABLE_STRICT_OBJC_MSGSEND = YES;
				ENABLE_TESTABILITY = YES;
				GCC_C_LANGUAGE_STANDARD = gnu11;
				GCC_DYNAMIC_NO_PIC = NO;
				GCC_NO_COMMON_BLOCKS = YES;
				GCC_OPTIMIZATION_LEVEL = 0;
				GCC_PREPROCESSOR_DEFINITIONS = (
					"DEBUG=1",
					"$(inherited)",
				);
				GCC_WARN_64_TO_32_BIT_CONVERSION = YES;
				GCC_WARN_ABOUT_RETURN_TYPE = YES_ERROR;
				GCC_WARN_UNDECLARED_SELECTOR = YES;
				GCC_WARN_UNINITIALIZED_AUTOS = YES_AGGRESSIVE;
				GCC_WARN_UNUSED_FUNCTION = YES;
				GCC_WARN_UNUSED_VARIABLE = YES;
				IPHONEOS_DEPLOYMENT_TARGET = 13.0;
				MTL_ENABLE_DEBUG_INFO = INCLUDE_SOURCE;
				MTL_FAST_MATH = YES;
				ONLY_ACTIVE_ARCH = YES;
				SDKROOT = iphoneos;
				SWIFT_ACTIVE_COMPILATION_CONDITIONS = DEBUG;
				SWIFT_OPTIMIZATION_LEVEL = "-Onone";
			};
			name = Debug;
		};
		AD1EB6BA22B0228200472B20 /* Release */ = {
			isa = XCBuildConfiguration;
			buildSettings = {
				ALWAYS_SEARCH_USER_PATHS = NO;
				CLANG_ANALYZER_NONNULL = YES;
				CLANG_ANALYZER_NUMBER_OBJECT_CONVERSION = YES_AGGRESSIVE;
				CLANG_CXX_LANGUAGE_STANDARD = "gnu++14";
				CLANG_CXX_LIBRARY = "libc++";
				CLANG_ENABLE_MODULES = YES;
				CLANG_ENABLE_OBJC_ARC = YES;
				CLANG_ENABLE_OBJC_WEAK = YES;
				CLANG_WARN_BLOCK_CAPTURE_AUTORELEASING = YES;
				CLANG_WARN_BOOL_CONVERSION = YES;
				CLANG_WARN_COMMA = YES;
				CLANG_WARN_CONSTANT_CONVERSION = YES;
				CLANG_WARN_DEPRECATED_OBJC_IMPLEMENTATIONS = YES;
				CLANG_WARN_DIRECT_OBJC_ISA_USAGE = YES_ERROR;
				CLANG_WARN_DOCUMENTATION_COMMENTS = YES;
				CLANG_WARN_EMPTY_BODY = YES;
				CLANG_WARN_ENUM_CONVERSION = YES;
				CLANG_WARN_INFINITE_RECURSION = YES;
				CLANG_WARN_INT_CONVERSION = YES;
				CLANG_WARN_NON_LITERAL_NULL_CONVERSION = YES;
				CLANG_WARN_OBJC_IMPLICIT_RETAIN_SELF = YES;
				CLANG_WARN_OBJC_LITERAL_CONVERSION = YES;
				CLANG_WARN_OBJC_ROOT_CLASS = YES_ERROR;
				CLANG_WARN_RANGE_LOOP_ANALYSIS = YES;
				CLANG_WARN_STRICT_PROTOTYPES = YES;
				CLANG_WARN_SUSPICIOUS_MOVE = YES;
				CLANG_WARN_UNGUARDED_AVAILABILITY = YES_AGGRESSIVE;
				CLANG_WARN_UNREACHABLE_CODE = YES;
				CLANG_WARN__DUPLICATE_METHOD_MATCH = YES;
				COPY_PHASE_STRIP = NO;
				DEBUG_INFORMATION_FORMAT = "dwarf-with-dsym";
				ENABLE_NS_ASSERTIONS = NO;
				ENABLE_STRICT_OBJC_MSGSEND = YES;
				GCC_C_LANGUAGE_STANDARD = gnu11;
				GCC_NO_COMMON_BLOCKS = YES;
				GCC_WARN_64_TO_32_BIT_CONVERSION = YES;
				GCC_WARN_ABOUT_RETURN_TYPE = YES_ERROR;
				GCC_WARN_UNDECLARED_SELECTOR = YES;
				GCC_WARN_UNINITIALIZED_AUTOS = YES_AGGRESSIVE;
				GCC_WARN_UNUSED_FUNCTION = YES;
				GCC_WARN_UNUSED_VARIABLE = YES;
				IPHONEOS_DEPLOYMENT_TARGET = 13.0;
				MTL_ENABLE_DEBUG_INFO = NO;
				MTL_FAST_MATH = YES;
				SDKROOT = iphoneos;
				SWIFT_COMPILATION_MODE = wholemodule;
				SWIFT_OPTIMIZATION_LEVEL = "-O";
				VALIDATE_PRODUCT = YES;
			};
			name = Release;
		};
		AD1EB6BC22B0228200472B20 /* Debug */ = {
			isa = XCBuildConfiguration;
			buildSettings = {
				ASSETCATALOG_COMPILER_APPICON_NAME = AppIcon;
				CODE_SIGN_STYLE = Automatic;
				DEVELOPMENT_ASSET_PATHS = "UdemyCourse/Preview\\ Content";
				ENABLE_PREVIEWS = YES;
				INFOPLIST_FILE = UdemyCourse/Info.plist;
				LD_RUNPATH_SEARCH_PATHS = (
					"$(inherited)",
					"@executable_path/Frameworks",
				);
				PRODUCT_BUNDLE_IDENTIFIER = com.UdemyCourse;
				PRODUCT_NAME = "$(TARGET_NAME)";
				SWIFT_VERSION = 5.0;
				TARGETED_DEVICE_FAMILY = "1,2";
			};
			name = Debug;
		};
		AD1EB6BD22B0228200472B20 /* Release */ = {
			isa = XCBuildConfiguration;
			buildSettings = {
				ASSETCATALOG_COMPILER_APPICON_NAME = AppIcon;
				CODE_SIGN_STYLE = Automatic;
				DEVELOPMENT_ASSET_PATHS = "UdemyCourse/Preview\\ Content";
				ENABLE_PREVIEWS = YES;
				INFOPLIST_FILE = UdemyCourse/Info.plist;
				LD_RUNPATH_SEARCH_PATHS = (
					"$(inherited)",
					"@executable_path/Frameworks",
				);
				PRODUCT_BUNDLE_IDENTIFIER = com.UdemyCourse;
				PRODUCT_NAME = "$(TARGET_NAME)";
				SWIFT_VERSION = 5.0;
				TARGETED_DEVICE_FAMILY = "1,2";
			};
			name = Release;
		};
/* End XCBuildConfiguration section */

/* Begin XCConfigurationList section */
		AD1EB6A222B0228000472B20 /* Build configuration list for PBXProject "UdemyCourse" */ = {
			isa = XCConfigurationList;
			buildConfigurations = (
				AD1EB6B922B0228200472B20 /* Debug */,
				AD1EB6BA22B0228200472B20 /* Release */,
			);
			defaultConfigurationIsVisible = 0;
			defaultConfigurationName = Release;
		};
		AD1EB6BB22B0228200472B20 /* Build configuration list for PBXNativeTarget "UdemyCourse" */ = {
			isa = XCConfigurationList;
			buildConfigurations = (
				AD1EB6BC22B0228200472B20 /* Debug */,
				AD1EB6BD22B0228200472B20 /* Release */,
			);
			defaultConfigurationIsVisible = 0;
			defaultConfigurationName = Release;
		};
/* End XCConfigurationList section */
	};
	rootObject = AD1EB69F22B0228000472B20 /* Project object */;
}
